
Microsoft Visual Studio Solution File, Format Version 12.00
Project("{FAE04EC0-301F-11D3-BF4B-00C04F79EFBC}") = "Personal blog", "Personal blog\Personal blog.csproj", "{FBD765DD-9373-452A-A3AD-F56C36282ABB}"
EndProject
Project("{2150E333-8FDC-42A3-9474-1A3956D46DE8}") = "Solution Items", "Solution Items", "{0D46356E-E5E2-498F-9F1E-A69615080154}"
	ProjectSection(SolutionItems) = preProject
		docker-compose.yml = docker-compose.yml
	EndProjectSection
EndProject
Global
	GlobalSection(SolutionConfigurationPlatforms) = preSolution
		Debug|Any CPU = Debug|Any CPU
		Release|Any CPU = Release|Any CPU
	EndGlobalSection
	GlobalSection(ProjectConfigurationPlatforms) = postSolution
		{FBD765DD-9373-452A-A3AD-F56C36282ABB}.Debug|Any CPU.ActiveCfg = Debug|Any CPU
		{FBD765DD-9373-452A-A3AD-F56C36282ABB}.Debug|Any CPU.Build.0 = Debug|Any CPU
		{FBD765DD-9373-452A-A3AD-F56C36282ABB}.Release|Any CPU.ActiveCfg = Release|Any CPU
		{FBD765DD-9373-452A-A3AD-F56C36282ABB}.Release|Any CPU.Build.0 = Release|Any CPU
	EndGlobalSection
EndGlobal
